# This file was autogenerated by uv via the following command:
#    uv pip compile pyproject.toml --all-extras --universal --python-version 3.11 --output-file requirements.lock --no-emit-package pricelab
alembic==1.20.0
    # via pricelab (pyproject.toml)
altair==6.3.0
    # via streamlit
annotated-types==0.8.0
    # via pydantic
anyio==4.15.1
    # via
    #   starlette
    #   streamlit
argon2-cffi==25.1.0
    # via pricelab (pyproject.toml)
argon2-cffi-bindings==26.1.0
    # via argon2-cffi
ast-serialize==0.11.2
    # via mypy
attrs==26.1.0
    # via
    #   jsonschema
    #   referencing
certifi==2026.7.22
    # via requests
cffi==2.1.1
    # via argon2-cffi-bindings
cfgv==3.5.0
    # via pre-commit
charset-normalizer==3.5.1
    # via
    #   reportlab
    #   requests
click==8.5.0
    # via
    #   streamlit
    #   uvicorn
colorama==0.4.6 ; sys_platform == 'win32'
    # via pytest
contourpy==1.3.3 ; python_full_version < '3.12'
    # via matplotlib
contourpy==1.4.0 ; python_full_version >= '3.12'
    # via matplotlib
coverage==7.16.1
    # via pytest-cov
cycler==0.12.1
    # via matplotlib
distlib==0.4.3
    # via virtualenv
et-xmlfile==2.0.0
    # via openpyxl
filelock==4.0.3
    # via
    #   python-discovery
    #   virtualenv
fonttools==4.66.0
    # via matplotlib
formulaic==1.2.2
    # via statsmodels
greenlet==3.5.6 ; platform_machine == 'AMD64' or platform_machine == 'WIN32' or platform_machine == 'aarch64' or platform_machine == 'amd64' or platform_machine == 'ppc64le' or platform_machine == 'win32' or platform_machine == 'x86_64'
    # via sqlalchemy
h11==0.16.0
    # via uvicorn
httptools==0.8.0
    # via streamlit
hypothesis==6.168.1
    # via pricelab (pyproject.toml)
identify==2.6.19
    # via pre-commit
idna==3.20
    # via
    #   anyio
    #   requests
iniconfig==2.3.0
    # via pytest
interface-meta==2.0.1
    # via formulaic
itsdangerous==2.2.0
    # via streamlit
jinja2==3.1.6
    # via
    #   altair
    #   pydeck
jsonschema==4.26.0
    # via altair
jsonschema-specifications==2025.9.1
    # via jsonschema
kiwisolver==1.5.1
    # via matplotlib
librt==0.15.0 ; platform_python_implementation != 'PyPy'
    # via mypy
lxml==6.1.3
    # via
    #   pricelab (pyproject.toml)
    #   python-docx
    #   python-pptx
mako==1.4.3
    # via alembic
markupsafe==3.0.3
    # via
    #   jinja2
    #   mako
matplotlib==3.11.2
    # via pricelab (pyproject.toml)
mypy==2.3.1
    # via pricelab (pyproject.toml)
mypy-extensions==1.1.0
    # via mypy
narwhals==2.26.0
    # via
    #   altair
    #   formulaic
nodeenv==1.10.0
    # via pre-commit
numpy==2.4.6 ; python_full_version < '3.12'
    # via
    #   pricelab (pyproject.toml)
    #   contourpy
    #   formulaic
    #   matplotlib
    #   pandas
    #   pandas-stubs
    #   patsy
    #   pydeck
    #   scipy
    #   statsmodels
    #   streamlit
numpy==2.5.3 ; python_full_version >= '3.12'
    # via
    #   pricelab (pyproject.toml)
    #   contourpy
    #   formulaic
    #   matplotlib
    #   pandas
    #   pandas-stubs
    #   patsy
    #   pydeck
    #   scipy
    #   statsmodels
    #   streamlit
openpyxl==3.1.5
    # via pricelab (pyproject.toml)
packaging==26.3
    # via
    #   pricelab (pyproject.toml)
    #   altair
    #   matplotlib
    #   patsy
    #   pytest
    #   statsmodels
    #   streamlit
pandas==3.0.6
    # via
    #   pricelab (pyproject.toml)
    #   formulaic
    #   statsmodels
    #   streamlit
pandas-stubs==3.0.5.260914
    # via pricelab (pyproject.toml)
pathspec==1.1.1
    # via mypy
patsy==1.0.3
    # via statsmodels
pillow==12.3.0
    # via
    #   pricelab (pyproject.toml)
    #   matplotlib
    #   python-pptx
    #   reportlab
    #   streamlit
platformdirs==4.11.12
    # via virtualenv
pluggy==1.6.0
    # via
    #   pytest
    #   pytest-cov
pre-commit==4.6.2
    # via pricelab (pyproject.toml)
protobuf==7.36.2
    # via streamlit
psycopg==3.3.6
    # via pricelab (pyproject.toml)
psycopg-binary==3.3.6 ; implementation_name != 'pypy'
    # via psycopg
pyarrow==24.0.0
    # via
    #   pricelab (pyproject.toml)
    #   streamlit
pycparser==3.0 ; implementation_name != 'PyPy'
    # via cffi
pydantic==2.13.5
    # via
    #   pricelab (pyproject.toml)
    #   pydantic-settings
pydantic-core==2.46.5
    # via pydantic
pydantic-settings==2.15.0
    # via pricelab (pyproject.toml)
pydeck==0.9.3
    # via streamlit
pygments==2.21.0
    # via pytest
pyparsing==3.3.3
    # via matplotlib
pypdf==6.19.0
    # via pricelab (pyproject.toml)
pytest==9.1.1
    # via
    #   pricelab (pyproject.toml)
    #   pytest-cov
pytest-cov==7.1.0
    # via pricelab (pyproject.toml)
python-dateutil==2.9.0.post0
    # via
    #   matplotlib
    #   pandas
python-discovery==1.6.1
    # via virtualenv
python-docx==1.2.0
    # via pricelab (pyproject.toml)
python-dotenv==1.2.3
    # via pydantic-settings
python-multipart==0.0.32
    # via streamlit
python-pptx==1.0.2
    # via pricelab (pyproject.toml)
pyyaml==6.0.3
    # via
    #   pre-commit
    #   responses
referencing==0.37.0
    # via
    #   jsonschema
    #   jsonschema-specifications
reportlab==5.0.1
    # via pricelab (pyproject.toml)
requests==2.34.2
    # via
    #   pricelab (pyproject.toml)
    #   responses
    #   streamlit
responses==0.26.3
    # via pricelab (pyproject.toml)
rpds-py==2026.6.3
    # via
    #   jsonschema
    #   referencing
ruff==0.16.8
    # via pricelab (pyproject.toml)
scipy==1.17.1 ; python_full_version < '3.12'
    # via
    #   pricelab (pyproject.toml)
    #   formulaic
    #   statsmodels
scipy==1.18.1 ; python_full_version >= '3.12'
    # via
    #   pricelab (pyproject.toml)
    #   formulaic
    #   statsmodels
six==1.17.0
    # via python-dateutil
sortedcontainers==2.4.0
    # via hypothesis
sqlalchemy==2.0.54
    # via
    #   pricelab (pyproject.toml)
    #   alembic
starlette==1.7.0
    # via streamlit
statsmodels==0.15.0
    # via pricelab (pyproject.toml)
streamlit==1.64.0
    # via pricelab (pyproject.toml)
tabulate==0.10.0
    # via pricelab (pyproject.toml)
toml==0.10.2
    # via streamlit
tomli==2.4.1 ; python_full_version <= '3.11'
    # via coverage
types-requests==2.33.0.20260906
    # via pricelab (pyproject.toml)
types-tabulate==0.10.0.20260508
    # via pricelab (pyproject.toml)
typing-extensions==4.16.0
    # via
    #   alembic
    #   altair
    #   anyio
    #   formulaic
    #   mypy
    #   psycopg
    #   pydantic
    #   pydantic-core
    #   python-docx
    #   python-pptx
    #   referencing
    #   sqlalchemy
    #   starlette
    #   streamlit
    #   typing-inspection
typing-inspection==0.4.4
    # via
    #   pydantic
    #   pydantic-settings
tzdata==2026.4 ; sys_platform == 'emscripten' or sys_platform == 'win32'
    # via
    #   pandas
    #   psycopg
urllib3==2.8.0
    # via
    #   requests
    #   responses
    #   types-requests
uvicorn==0.53.0
    # via streamlit
virtualenv==21.12.0
    # via pre-commit
watchdog==6.0.0 ; sys_platform != 'darwin'
    # via streamlit
websockets==16.1.1
    # via streamlit
wrapt==2.4.1
    # via formulaic
xlsxwriter==3.2.9
    # via python-pptx
